// !$*UTF8*$!
{
	archiveVersion = 1;
	classes = {
	};
	objectVersion = 46;
	objects = {

/* Begin PBXBuildFile section */
		63B130EF198DD20F00C26F31 /* Foundation.framework in Frameworks */ = {isa = PBXBuildFile; fileRef = 63B130EE198DD20F00C26F31 /* Foundation.framework */; };
		63B130F1198DD20F00C26F31 /* CoreGraphics.framework in Frameworks */ = {isa = PBXBuildFile; fileRef = 63B130F0198DD20F00C26F31 /* CoreGraphics.framework */; };
		63B130F3198DD20F00C26F31 /* UIKit.framework in Frameworks */ = {isa = PBXBuildFile; fileRef = 63B130F2198DD20F00C26F31 /* UIKit.framework */; };
		63B130F9198DD20F00C26F31 /* InfoPlist.strings in Resources */ = {isa = PBXBuildFile; fileRef = 63B130F7198DD20F00C26F31 /* InfoPlist.strings */; };
		63B130FB198DD20F00C26F31 /* main.m in Sources */ = {isa = PBXBuildFile; fileRef = 63B130FA198DD20F00C26F31 /* main.m */; };
		63B130FF198DD20F00C26F31 /* AppDelegate.m in Sources */ = {isa = PBXBuildFile; fileRef = 63B130FE198DD20F00C26F31 /* AppDelegate.m */; };
		63B13101198DD20F00C26F31 /* Images.xcassets in Resources */ = {isa = PBXBuildFile; fileRef = 63B13100198DD20F00C26F31 /* Images.xcassets */; };
		63B13108198DD20F00C26F31 /* XCTest.framework in Frameworks */ = {isa = PBXBuildFile; fileRef = 63B13107198DD20F00C26F31 /* XCTest.framework */; };
		63B13109198DD20F00C26F31 /* Foundation.framework in Frameworks */ = {isa = PBXBuildFile; fileRef = 63B130EE198DD20F00C26F31 /* Foundation.framework */; };
		63B1310A198DD20F00C26F31 /* UIKit.framework in Frameworks */ = {isa = PBXBuildFile; fileRef = 63B130F2198DD20F00C26F31 /* UIKit.framework */; };
		63B13112198DD20F00C26F31 /* InfoPlist.strings in Resources */ = {isa = PBXBuildFile; fileRef = 63B13110198DD20F00C26F31 /* InfoPlist.strings */; };
		63B13114198DD20F00C26F31 /* cvcvcvcvTests.m in Sources */ = {isa = PBXBuildFile; fileRef = 63B13113198DD20F00C26F31 /* cvcvcvcvTests.m */; };
/* End PBXBuildFile section */

/* Begin PBXContainerItemProxy section */
		63B1310B198DD20F00C26F31 /* PBXContainerItemProxy */ = {
			isa = PBXContainerItemProxy;
			containerPortal = 63B130E3198DD20F00C26F31 /* Project object */;
			proxyType = 1;
			remoteGlobalIDString = 63B130EA198DD20F00C26F31;
			remoteInfo = cvcvcvcv;
		};
/* End PBXContainerItemProxy section */

/* Begin PBXFileReference section */
		63B130EB198DD20F00C26F31 /* cvcvcvcv.app */ = {isa = PBXFileReference; explicitFileType = wrapper.application; includeInIndex = 0; path = cvcvcvcv.app; sourceTree = BUILT_PRODUCTS_DIR; };
		63B130EE198DD20F00C26F31 /* Foundation.framework */ = {isa = PBXFileReference; lastKnownFileType = wrapper.framework; name = Foundation.framework; path = System/Library/Frameworks/Foundation.framework; sourceTree = SDKROOT; };
		63B130F0198DD20F00C26F31 /* CoreGraphics.framework */ = {isa = PBXFileReference; lastKnownFileType = wrapper.framework; name = CoreGraphics.framework; path = System/Library/Frameworks/CoreGraphics.framework; sourceTree = SDKROOT; };
		63B130F2198DD20F00C26F31 /* UIKit.framework */ = {isa = PBXFileReference; lastKnownFileType = wrapper.framework; name = UIKit.framework; path = System/Library/Frameworks/UIKit.framework; sourceTree = SDKROOT; };
		63B130F6198DD20F00C26F31 /* cvcvcvcv-Info.plist */ = {isa = PBXFileReference; lastKnownFileType = text.plist.xml; path = "cvcvcvcv-Info.plist"; sourceTree = "<group>"; };
		63B130F8198DD20F00C26F31 /* en */ = {isa = PBXFileReference; lastKnownFileType = text.plist.strings; name = en; path = en.lproj/InfoPlist.strings; sourceTree = "<group>"; };
		63B130FA198DD20F00C26F31 /* main.m */ = {isa = PBXFileReference; lastKnownFileType = sourcecode.c.objc; path = main.m; sourceTree = "<group>"; };
		63B130FC198DD20F00C26F31 /* cvcvcvcv-Prefix.pch */ = {isa = PBXFileReference; lastKnownFileType = sourcecode.c.h; path = "cvcvcvcv-Prefix.pch"; sourceTree = "<group>"; };
		63B130FD198DD20F00C26F31 /* AppDelegate.h */ = {isa = PBXFileReference; lastKnownFileType = sourcecode.c.h; path = AppDelegate.h; sourceTree = "<group>"; };
		63B130FE198DD20F00C26F31 /* AppDelegate.m */ = {isa = PBXFileReference; lastKnownFileType = sourcecode.c.objc; path = AppDelegate.m; sourceTree = "<group>"; };
		63B13100198DD20F00C26F31 /* Images.xcassets */ = {isa = PBXFileReference; lastKnownFileType = folder.assetcatalog; path = Images.xcassets; sourceTree = "<group>"; };
		63B13106198DD20F00C26F31 /* cvcvcvcvTests.xctest */ = {isa = PBXFileReference; explicitFileType = wrapper.cfbundle; includeInIndex = 0; path = cvcvcvcvTests.xctest; sourceTree = BUILT_PRODUCTS_DIR; };
		63B13107198DD20F00C26F31 /* XCTest.framework */ = {isa = PBXFileReference; lastKnownFileType = wrapper.framework; name = XCTest.framework; path = Library/Frameworks/XCTest.framework; sourceTree = DEVELOPER_DIR; };
		63B1310F198DD20F00C26F31 /* cvcvcvcvTests-Info.plist */ = {isa = PBXFileReference; lastKnownFileType = text.plist.xml; path = "cvcvcvcvTests-Info.plist"; sourceTree = "<group>"; };
		63B13111198DD20F00C26F31 /* en */ = {isa = PBXFileReference; lastKnownFileType = text.plist.strings; name = en; path = en.lproj/InfoPlist.strings; sourceTree = "<group>"; };
		63B13113198DD20F00C26F31 /* cvcvcvcvTests.m */ = {isa = PBXFileReference; lastKnownFileType = sourcecode.c.objc; path = cvcvcvcvTests.m; sourceTree = "<group>"; };
/* End PBXFileReference section */

/* Begin PBXFrameworksBuildPhase section */
		63B130E8198DD20F00C26F31 /* Frameworks */ = {
			isa = PBXFrameworksBuildPhase;
			buildActionMask = 2147483647;
			files = (
				63B130F1198DD20F00C26F31 /* CoreGraphics.framework in Frameworks */,
				63B130F3198DD20F00C26F31 /* UIKit.framework in Frameworks */,
				63B130EF198DD20F00C26F31 /* Foundation.framework in Frameworks */,
			);
			runOnlyForDeploymentPostprocessing = 0;
		};
		63B13103198DD20F00C26F31 /* Frameworks */ = {
			isa = PBXFrameworksBuildPhase;
			buildActionMask = 2147483647;
			files = (
				63B13108198DD20F00C26F31 /* XCTest.framework in Frameworks */,
				63B1310A198DD20F00C26F31 /* UIKit.framework in Frameworks */,
				63B13109198DD20F00C26F31 /* Foundation.framework in Frameworks */,
			);
			runOnlyForDeploymentPostprocessing = 0;
		};
/* End PBXFrameworksBuildPhase section */

/* Begin PBXGroup section */
		63B130E2198DD20F00C26F31 = {
			isa = PBXGroup;
			children = (
				63B130F4198DD20F00C26F31 /* cvcvcvcv */,
				63B1310D198DD20F00C26F31 /* cvcvcvcvTests */,
				63B130ED198DD20F00C26F31 /* Frameworks */,
				63B130EC198DD20F00C26F31 /* Products */,
			);
			sourceTree = "<group>";
		};
		63B130EC198DD20F00C26F31 /* Products */ = {
			isa = PBXGroup;
			children = (
				63B130EB198DD20F00C26F31 /* cvcvcvcv.app */,
				63B13106198DD20F00C26F31 /* cvcvcvcvTests.xctest */,
			);
			name = Products;
			sourceTree = "<group>";
		};
		63B130ED198DD20F00C26F31 /* Frameworks */ = {
			isa = PBXGroup;
			children = (
				63B130EE198DD20F00C26F31 /* Foundation.framework */,
				63B130F0198DD20F00C26F31 /* CoreGraphics.framework */,
				63B130F2198DD20F00C26F31 /* UIKit.framework */,
				63B13107198DD20F00C26F31 /* XCTest.framework */,
			);
			name = Frameworks;
			sourceTree = "<group>";
		};
		63B130F4198DD20F00C26F31 /* cvcvcvcv */ = {
			isa = PBXGroup;
			children = (
				63B130FD198DD20F00C26F31 /* AppDelegate.h */,
				63B130FE198DD20F00C26F31 /* AppDelegate.m */,
				63B13100198DD20F00C26F31 /* Images.xcassets */,
				63B130F5198DD20F00C26F31 /* Supporting Files */,
			);
			path = cvcvcvcv;
			sourceTree = "<group>";
		};
		63B130F5198DD20F00C26F31 /* Supporting Files */ = {
			isa = PBXGroup;
			children = (
				63B130F6198DD20F00C26F31 /* cvcvcvcv-Info.plist */,
				63B130F7198DD20F00C26F31 /* InfoPlist.strings */,
				63B130FA198DD20F00C26F31 /* main.m */,
				63B130FC198DD20F00C26F31 /* cvcvcvcv-Prefix.pch */,
			);
			name = "Supporting Files";
			sourceTree = "<group>";
		};
		63B1310D198DD20F00C26F31 /* cvcvcvcvTests */ = {
			isa = PBXGroup;
			children = (
				63B13113198DD20F00C26F31 /* cvcvcvcvTests.m */,
				63B1310E198DD20F00C26F31 /* Supporting Files */,
			);
			path = cvcvcvcvTests;
			sourceTree = "<group>";
		};
		63B1310E198DD20F00C26F31 /* Supporting Files */ = {
			isa = PBXGroup;
			children = (
				63B1310F198DD20F00C26F31 /* cvcvcvcvTests-Info.plist */,
				63B13110198DD20F00C26F31 /* InfoPlist.strings */,
			);
			name = "Supporting Files";
			sourceTree = "<group>";
		};
/* End PBXGroup section */

/* Begin PBXNativeTarget section */
		63B130EA198DD20F00C26F31 /* cvcvcvcv */ = {
			isa = PBXNativeTarget;
			buildConfigurationList = 63B13117198DD20F00C26F31 /* Build configuration list for PBXNativeTarget "cvcvcvcv" */;
			buildPhases = (
				63B130E7198DD20F00C26F31 /* Sources */,
				63B130E8198DD20F00C26F31 /* Frameworks */,
				63B130E9198DD20F00C26F31 /* Resources */,
			);
			buildRules = (
			);
			dependencies = (
			);
			name = cvcvcvcv;
			productName = cvcvcvcv;
			productReference = 63B130EB198DD20F00C26F31 /* cvcvcvcv.app */;
			productType = "com.apple.product-type.application";
		};
		63B13105198DD20F00C26F31 /* cvcvcvcvTests */ = {
			isa = PBXNativeTarget;
			buildConfigurationList = 63B1311A198DD20F00C26F31 /* Build configuration list for PBXNativeTarget "cvcvcvcvTests" */;
			buildPhases = (
				63B13102198DD20F00C26F31 /* Sources */,
				63B13103198DD20F00C26F31 /* Frameworks */,
				63B13104198DD20F00C26F31 /* Resources */,
			);
			buildRules = (
			);
			dependencies = (
				63B1310C198DD20F00C26F31 /* PBXTargetDependency */,
			);
			name = cvcvcvcvTests;
			productName = cvcvcvcvTests;
			productReference = 63B13106198DD20F00C26F31 /* cvcvcvcvTests.xctest */;
			productType = "com.apple.product-type.bundle.unit-test";
		};
/* End PBXNativeTarget section */

/* Begin PBXProject section */
		63B130E3198DD20F00C26F31 /* Project object */ = {
			isa = PBXProject;
			attributes = {
				LastUpgradeCheck = 0510;
				ORGANIZATIONNAME = com.tttt.hhh;
				TargetAttributes = {
					63B13105198DD20F00C26F31 = {
						TestTargetID = 63B130EA198DD20F00C26F31;
					};
				};
			};
			buildConfigurationList = 63B130E6198DD20F00C26F31 /* Build configuration list for PBXProject "cvcvcvcv" */;
			compatibilityVersion = "Xcode 3.2";
			developmentRegion = English;
			hasScannedForEncodings = 0;
			knownRegions = (
				en,
			);
			mainGroup = 63B130E2198DD20F00C26F31;
			productRefGroup = 63B130EC198DD20F00C26F31 /* Products */;
			projectDirPath = "";
			projectRoot = "";
			targets = (
				63B130EA198DD20F00C26F31 /* cvcvcvcv */,
				63B13105198DD20F00C26F31 /* cvcvcvcvTests */,
			);
		};
/* End PBXProject section */

/* Begin PBXResourcesBuildPhase section */
		63B130E9198DD20F00C26F31 /* Resources */ = {
			isa = PBXResourcesBuildPhase;
			buildActionMask = 2147483647;
			files = (
				63B130F9198DD20F00C26F31 /* InfoPlist.strings in Resources */,
				63B13101198DD20F00C26F31 /* Images.xcassets in Resources */,
			);
			runOnlyForDeploymentPostprocessing = 0;
		};
		63B13104198DD20F00C26F31 /* Resources */ = {
			isa = PBXResourcesBuildPhase;
			buildActionMask = 2147483647;
			files = (
				63B13112198DD20F00C26F31 /* InfoPlist.strings in Resources */,
			);
			runOnlyForDeploymentPostprocessing = 0;
		};
/* End PBXResourcesBuildPhase section */

/* Begin PBXSourcesBuildPhase section */
		63B130E7198DD20F00C26F31 /* Sources */ = {
			isa = PBXSourcesBuildPhase;
			buildActionMask = 2147483647;
			files = (
				63B130FF198DD20F00C26F31 /* AppDelegate.m in Sources */,
				63B130FB198DD20F00C26F31 /* main.m in Sources */,
			);
			runOnlyForDeploymentPostprocessing = 0;
		};
		63B13102198DD20F00C26F31 /* Sources */ = {
			isa = PBXSourcesBuildPhase;
			buildActionMask = 2147483647;
			files = (
				63B13114198DD20F00C26F31 /* cvcvcvcvTests.m in Sources */,
			);
			runOnlyForDeploymentPostprocessing = 0;
		};
/* End PBXSourcesBuildPhase section */

/* Begin PBXTargetDependency section */
		63B1310C198DD20F00C26F31 /* PBXTargetDependency */ = {
			isa = PBXTargetDependency;
			target = 63B130EA198DD20F00C26F31 /* cvcvcvcv */;
			targetProxy = 63B1310B198DD20F00C26F31 /* PBXContainerItemProxy */;
		};
/* End PBXTargetDependency section */

/* Begin PBXVariantGroup section */
		63B130F7198DD20F00C26F31 /* InfoPlist.strings */ = {
			isa = PBXVariantGroup;
			children = (
				63B130F8198DD20F00C26F31 /* en */,
			);
			name = InfoPlist.strings;
			sourceTree = "<group>";
		};
		63B13110198DD20F00C26F31 /* InfoPlist.strings */ = {
			isa = PBXVariantGroup;
			children = (
				63B13111198DD20F00C26F31 /* en */,
			);
			name = InfoPlist.strings;
			sourceTree = "<group>";
		};
/* End PBXVariantGroup section */

/* Begin XCBuildConfiguration section */
		63B13115198DD20F00C26F31 /* Debug */ = {
			isa = XCBuildConfiguration;
			buildSettings = {
				ALWAYS_SEARCH_USER_PATHS = NO;
				CLANG_CXX_LANGUAGE_STANDARD = "gnu++0x";
				CLANG_CXX_LIBRARY = "libc++";
				CLANG_ENABLE_MODULES = YES;
				CLANG_ENABLE_OBJC_ARC = YES;
				CLANG_WARN_BOOL_CONVERSION = YES;
				CLANG_WARN_CONSTANT_CONVERSION = YES;
				CLANG_WARN_DIRECT_OBJC_ISA_USAGE = YES_ERROR;
				CLANG_WARN_EMPTY_BODY = YES;
				CLANG_WARN_ENUM_CONVERSION = YES;
				CLANG_WARN_INT_CONVERSION = YES;
				CLANG_WARN_OBJC_ROOT_CLASS = YES_ERROR;
				CLANG_WARN__DUPLICATE_METHOD_MATCH = YES;
				"CODE_SIGN_IDENTITY[sdk=iphoneos*]" = "iPhone Developer";
				COPY_PHASE_STRIP = NO;
				GCC_C_LANGUAGE_STANDARD = gnu99;
				GCC_DYNAMIC_NO_PIC = NO;
				GCC_OPTIMIZATION_LEVEL = 0;
				GCC_PREPROCESSOR_DEFINITIONS = (
					"DEBUG=1",
					"$(inherited)",
				);
				GCC_SYMBOLS_PRIVATE_EXTERN = NO;
				GCC_WARN_64_TO_32_BIT_CONVERSION = YES;
				GCC_WARN_ABOUT_RETURN_TYPE = YES_ERROR;
				GCC_WARN_UNDECLARED_SELECTOR = YES;
				GCC_WARN_UNINITIALIZED_AUTOS = YES_AGGRESSIVE;
				GCC_WARN_UNUSED_FUNCTION = YES;
				GCC_WARN_UNUSED_VARIABLE = YES;
				IPHONEOS_DEPLOYMENT_TARGET = 7.1;
				ONLY_ACTIVE_ARCH = YES;
				SDKROOT = iphoneos;
			};
			name = Debug;
		};
		63B13116198DD20F00C26F31 /* Release */ = {
			isa = XCBuildConfiguration;
			buildSettings = {
				ALWAYS_SEARCH_USER_PATHS = NO;
				CLANG_CXX_LANGUAGE_STANDARD = "gnu++0x";
				CLANG_CXX_LIBRARY = "libc++";
				CLANG_ENABLE_MODULES = YES;
				CLANG_ENABLE_OBJC_ARC = YES;
				CLANG_WARN_BOOL_CONVERSION = YES;
				CLANG_WARN_CONSTANT_CONVERSION = YES;
				CLANG_WARN_DIRECT_OBJC_ISA_USAGE = YES_ERROR;
				CLANG_WARN_EMPTY_BODY = YES;
				CLANG_WARN_ENUM_CONVERSION = YES;
				CLANG_WARN_INT_CONVERSION = YES;
				CLANG_WARN_OBJC_ROOT_CLASS = YES_ERROR;
				CLANG_WARN__DUPLICATE_METHOD_MATCH = YES;
				"CODE_SIGN_IDENTITY[sdk=iphoneos*]" = "iPhone Developer";
				COPY_PHASE_STRIP = YES;
				ENABLE_NS_ASSERTIONS = NO;
				GCC_C_LANGUAGE_STANDARD = gnu99;
				GCC_WARN_64_TO_32_BIT_CONVERSION = YES;
				GCC_WARN_ABOUT_RETURN_TYPE = YES_ERROR;
				GCC_WARN_UNDECLARED_SELECTOR = YES;
				GCC_WARN_UNINITIALIZED_AUTOS = YES_AGGRESSIVE;
				GCC_WARN_UNUSED_FUNCTION = YES;
				GCC_WARN_UNUSED_VARIABLE = YES;
				IPHONEOS_DEPLOYMENT_TARGET = 7.1;
				SDKROOT = iphoneos;
				VALIDATE_PRODUCT = YES;
			};
			name = Release;
		};
		63B13118198DD20F00C26F31 /* Debug */ = {
			isa = XCBuildConfiguration;
			buildSettings = {
				ASSETCATALOG_COMPILER_APPICON_NAME = AppIcon;
				ASSETCATALOG_COMPILER_LAUNCHIMAGE_NAME = LaunchImage;
				GCC_PRECOMPILE_PREFIX_HEADER = YES;
				GCC_PREFIX_HEADER = "cvcvcvcv/cvcvcvcv-Prefix.pch";
				INFOPLIST_FILE = "cvcvcvcv/cvcvcvcv-Info.plist";
				PRODUCT_NAME = "$(TARGET_NAME)";
				WRAPPER_EXTENSION = app;
			};
			name = Debug;
		};
		63B13119198DD20F00C26F31 /* Release */ = {
			isa = XCBuildConfiguration;
			buildSettings = {
				ASSETCATALOG_COMPILER_APPICON_NAME = AppIcon;
				ASSETCATALOG_COMPILER_LAUNCHIMAGE_NAME = LaunchImage;
				GCC_PRECOMPILE_PREFIX_HEADER = YES;
				GCC_PREFIX_HEADER = "cvcvcvcv/cvcvcvcv-Prefix.pch";
				INFOPLIST_FILE = "cvcvcvcv/cvcvcvcv-Info.plist";
				PRODUCT_NAME = "$(TARGET_NAME)";
				WRAPPER_EXTENSION = app;
			};
			name = Release;
		};
		63B1311B198DD20F00C26F31 /* Debug */ = {
			isa = XCBuildConfiguration;
			buildSettings = {
				BUNDLE_LOADER = "$(BUILT_PRODUCTS_DIR)/cvcvcvcv.app/cvcvcvcv";
				FRAMEWORK_SEARCH_PATHS = (
					"$(SDKROOT)/Developer/Library/Frameworks",
					"$(inherited)",
					"$(DEVELOPER_FRAMEWORKS_DIR)",
				);
				GCC_PRECOMPILE_PREFIX_HEADER = YES;
				GCC_PREFIX_HEADER = "cvcvcvcv/cvcvcvcv-Prefix.pch";
				GCC_PREPROCESSOR_DEFINITIONS = (
					"DEBUG=1",
					"$(inherited)",
				);
				INFOPLIST_FILE = "cvcvcvcvTests/cvcvcvcvTests-Info.plist";
				PRODUCT_NAME = "$(TARGET_NAME)";
				TEST_HOST = "$(BUNDLE_LOADER)";
				WRAPPER_EXTENSION = xctest;
			};
			name = Debug;
		};
		63B1311C198DD20F00C26F31 /* Release */ = {
			isa = XCBuildConfiguration;
			buildSettings = {
				BUNDLE_LOADER = "$(BUILT_PRODUCTS_DIR)/cvcvcvcv.app/cvcvcvcv";
				FRAMEWORK_SEARCH_PATHS = (
					"$(SDKROOT)/Developer/Library/Frameworks",
					"$(inherited)",
					"$(DEVELOPER_FRAMEWORKS_DIR)",
				);
				GCC_PRECOMPILE_PREFIX_HEADER = YES;
				GCC_PREFIX_HEADER = "cvcvcvcv/cvcvcvcv-Prefix.pch";
				INFOPLIST_FILE = "cvcvcvcvTests/cvcvcvcvTests-Info.plist";
				PRODUCT_NAME = "$(TARGET_NAME)";
				TEST_HOST = "$(BUNDLE_LOADER)";
				WRAPPER_EXTENSION = xctest;
			};
			name = Release;
		};
/* End XCBuildConfiguration section */

/* Begin XCConfigurationList section */
		63B130E6198DD20F00C26F31 /* Build configuration list for PBXProject "cvcvcvcv" */ = {
			isa = XCConfigurationList;
			buildConfigurations = (
				63B13115198DD20F00C26F31 /* Debug */,
				63B13116198DD20F00C26F31 /* Release */,
			);
			defaultConfigurationIsVisible = 0;
			defaultConfigurationName = Release;
		};
		63B13117198DD20F00C26F31 /* Build configuration list for PBXNativeTarget "cvcvcvcv" */ = {
			isa = XCConfigurationList;
			buildConfigurations = (
				63B13118198DD20F00C26F31 /* Debug */,
				63B13119198DD20F00C26F31 /* Release */,
			);
			defaultConfigurationIsVisible = 0;
		};
		63B1311A198DD20F00C26F31 /* Build configuration list for PBXNativeTarget "cvcvcvcvTests" */ = {
			isa = XCConfigurationList;
			buildConfigurations = (
				63B1311B198DD20F00C26F31 /* Debug */,
				63B1311C198DD20F00C26F31 /* Release */,
			);
			defaultConfigurationIsVisible = 0;
		};
/* End XCConfigurationList section */
	};
	rootObject = 63B130E3198DD20F00C26F31 /* Project object */;
}
